Microsoft Visual Studio Solution File, Format Version 10.00
# Visual C++ Express 2008
Project("{8BC9CEB8-8B4A-11D0-8D11-00A0C91BC942}") = "libasf", "libasf\libasf.vcproj", "{D88FF064-58AF-47B9-8024-4974605DE6D6}"
EndProject
Project("{8BC9CEB8-8B4A-11D0-8D11-00A0C91BC942}") = "chord", "chord\chord.vcproj", "{ACFE90F6-8BC5-4B11-A640-19B4085FC6E1}"
EndProject
Project("{8BC9CEB8-8B4A-11D0-8D11-00A0C91BC942}") = "VMesh", "VMesh\VMesh.vcproj", "{4676AF1E-708D-45E9-9E51-471D78F32F13}"
	ProjectSection(ProjectDependencies) = postProject
		{D88FF064-58AF-47B9-8024-4974605DE6D6} = {D88FF064-58AF-47B9-8024-4974605DE6D6}
		{BDF6CFCB-6F8C-4A86-A003-D0F98828CFE5} = {BDF6CFCB-6F8C-4A86-A003-D0F98828CFE5}
		{ACFE90F6-8BC5-4B11-A640-19B4085FC6E1} = {ACFE90F6-8BC5-4B11-A640-19B4085FC6E1}
	EndProjectSection
EndProject
Project("{8BC9CEB8-8B4A-11D0-8D11-00A0C91BC942}") = "VMeshServer", "VMesh Server\VMesh Server.vcproj", "{45F877AF-AC47-40E7-A4AA-BA282A5B03B1}"
	ProjectSection(ProjectDependencies) = postProject
		{4676AF1E-708D-45E9-9E51-471D78F32F13} = {4676AF1E-708D-45E9-9E51-471D78F32F13}
		{12392022-5A3C-4DD5-A5CB-CEE8D614C461} = {12392022-5A3C-4DD5-A5CB-CEE8D614C461}
		{4D014858-D023-4D43-8E07-CD7D51C94E66} = {4D014858-D023-4D43-8E07-CD7D51C94E66}
	EndProjectSection
EndProject
Project("{8BC9CEB8-8B4A-11D0-8D11-00A0C91BC942}") = "VMeshController", "VMesh Player\VMesh Controller\VMesh Controller.vcproj", "{BFA213A9-ADCB-41B0-8708-D572551808C7}"
	ProjectSection(ProjectDependencies) = postProject
		{4676AF1E-708D-45E9-9E51-471D78F32F13} = {4676AF1E-708D-45E9-9E51-471D78F32F13}
	EndProjectSection
EndProject
Project("{8BC9CEB8-8B4A-11D0-8D11-00A0C91BC942}") = "VMeshPlayer", "VMesh Player\Player\VMesh Player.vcproj", "{3C60BB71-0AD7-4541-877F-5306676EA15F}"
	ProjectSection(ProjectDependencies) = postProject
		{4676AF1E-708D-45E9-9E51-471D78F32F13} = {4676AF1E-708D-45E9-9E51-471D78F32F13}
		{BFA213A9-ADCB-41B0-8708-D572551808C7} = {BFA213A9-ADCB-41B0-8708-D572551808C7}
	EndProjectSection
EndProject
Project("{8BC9CEB8-8B4A-11D0-8D11-00A0C91BC942}") = "libNode", "libNode\libNode.vcproj", "{BDF6CFCB-6F8C-4A86-A003-D0F98828CFE5}"
EndProject
Project("{8BC9CEB8-8B4A-11D0-8D11-00A0C91BC942}") = "centralLookupServer", "centralLookupServer\centralLookupServer.vcproj", "{4D014858-D023-4D43-8E07-CD7D51C94E66}"
	ProjectSection(ProjectDependencies) = postProject
		{BDF6CFCB-6F8C-4A86-A003-D0F98828CFE5} = {BDF6CFCB-6F8C-4A86-A003-D0F98828CFE5}
	EndProjectSection
EndProject
Project("{8BC9CEB8-8B4A-11D0-8D11-00A0C91BC942}") = "VMeshAPI", "VMeshAPI\VMeshAPI.vcproj", "{12392022-5A3C-4DD5-A5CB-CEE8D614C461}"
	ProjectSection(ProjectDependencies) = postProject
		{4676AF1E-708D-45E9-9E51-471D78F32F13} = {4676AF1E-708D-45E9-9E51-471D78F32F13}
	EndProjectSection
EndProject
Project("{8BC9CEB8-8B4A-11D0-8D11-00A0C91BC942}") = "Proxy", "Proxy\Proxy.vcproj", "{35C2BD7E-1005-4A74-BB9D-B7F714FB3BDD}"
	ProjectSection(ProjectDependencies) = postProject
		{4676AF1E-708D-45E9-9E51-471D78F32F13} = {4676AF1E-708D-45E9-9E51-471D78F32F13}
	EndProjectSection
EndProject
Global
	GlobalSection(SolutionConfigurationPlatforms) = preSolution
		Debug|Win32 = Debug|Win32
		Release|Win32 = Release|Win32
	EndGlobalSection
	GlobalSection(ProjectConfigurationPlatforms) = postSolution
		{D88FF064-58AF-47B9-8024-4974605DE6D6}.Debug|Win32.ActiveCfg = Debug|Win32
		{D88FF064-58AF-47B9-8024-4974605DE6D6}.Debug|Win32.Build.0 = Debug|Win32
		{D88FF064-58AF-47B9-8024-4974605DE6D6}.Release|Win32.ActiveCfg = Release|Win32
		{D88FF064-58AF-47B9-8024-4974605DE6D6}.Release|Win32.Build.0 = Release|Win32
		{ACFE90F6-8BC5-4B11-A640-19B4085FC6E1}.Debug|Win32.ActiveCfg = Debug|Win32
		{ACFE90F6-8BC5-4B11-A640-19B4085FC6E1}.Debug|Win32.Build.0 = Debug|Win32
		{ACFE90F6-8BC5-4B11-A640-19B4085FC6E1}.Release|Win32.ActiveCfg = Release|Win32
		{ACFE90F6-8BC5-4B11-A640-19B4085FC6E1}.Release|Win32.Build.0 = Release|Win32
		{4676AF1E-708D-45E9-9E51-471D78F32F13}.Debug|Win32.ActiveCfg = Debug|Win32
		{4676AF1E-708D-45E9-9E51-471D78F32F13}.Debug|Win32.Build.0 = Debug|Win32
		{4676AF1E-708D-45E9-9E51-471D78F32F13}.Release|Win32.ActiveCfg = Release|Win32
		{4676AF1E-708D-45E9-9E51-471D78F32F13}.Release|Win32.Build.0 = Release|Win32
		{45F877AF-AC47-40E7-A4AA-BA282A5B03B1}.Debug|Win32.ActiveCfg = Debug|Win32
		{45F877AF-AC47-40E7-A4AA-BA282A5B03B1}.Debug|Win32.Build.0 = Debug|Win32
		{45F877AF-AC47-40E7-A4AA-BA282A5B03B1}.Release|Win32.ActiveCfg = Release|Win32
		{45F877AF-AC47-40E7-A4AA-BA282A5B03B1}.Release|Win32.Build.0 = Release|Win32
		{BFA213A9-ADCB-41B0-8708-D572551808C7}.Debug|Win32.ActiveCfg = Debug|Win32
		{BFA213A9-ADCB-41B0-8708-D572551808C7}.Debug|Win32.Build.0 = Debug|Win32
		{BFA213A9-ADCB-41B0-8708-D572551808C7}.Release|Win32.ActiveCfg = Release|Win32
		{BFA213A9-ADCB-41B0-8708-D572551808C7}.Release|Win32.Build.0 = Release|Win32
		{3C60BB71-0AD7-4541-877F-5306676EA15F}.Debug|Win32.ActiveCfg = Debug|Win32
		{3C60BB71-0AD7-4541-877F-5306676EA15F}.Debug|Win32.Build.0 = Debug|Win32
		{3C60BB71-0AD7-4541-877F-5306676EA15F}.Release|Win32.ActiveCfg = Release|Win32
		{3C60BB71-0AD7-4541-877F-5306676EA15F}.Release|Win32.Build.0 = Release|Win32
		{BDF6CFCB-6F8C-4A86-A003-D0F98828CFE5}.Debug|Win32.ActiveCfg = Debug|Win32
		{BDF6CFCB-6F8C-4A86-A003-D0F98828CFE5}.Debug|Win32.Build.0 = Debug|Win32
		{BDF6CFCB-6F8C-4A86-A003-D0F98828CFE5}.Release|Win32.ActiveCfg = Release|Win32
		{BDF6CFCB-6F8C-4A86-A003-D0F98828CFE5}.Release|Win32.Build.0 = Release|Win32
		{4D014858-D023-4D43-8E07-CD7D51C94E66}.Debug|Win32.ActiveCfg = Debug|Win32
		{4D014858-D023-4D43-8E07-CD7D51C94E66}.Debug|Win32.Build.0 = Debug|Win32
		{4D014858-D023-4D43-8E07-CD7D51C94E66}.Release|Win32.ActiveCfg = Release|Win32
		{4D014858-D023-4D43-8E07-CD7D51C94E66}.Release|Win32.Build.0 = Release|Win32
		{12392022-5A3C-4DD5-A5CB-CEE8D614C461}.Debug|Win32.ActiveCfg = Debug|Win32
		{12392022-5A3C-4DD5-A5CB-CEE8D614C461}.Debug|Win32.Build.0 = Debug|Win32
		{12392022-5A3C-4DD5-A5CB-CEE8D614C461}.Release|Win32.ActiveCfg = Release|Win32
		{12392022-5A3C-4DD5-A5CB-CEE8D614C461}.Release|Win32.Build.0 = Release|Win32
		{35C2BD7E-1005-4A74-BB9D-B7F714FB3BDD}.Debug|Win32.ActiveCfg = Debug|Win32
		{35C2BD7E-1005-4A74-BB9D-B7F714FB3BDD}.Debug|Win32.Build.0 = Debug|Win32
		{35C2BD7E-1005-4A74-BB9D-B7F714FB3BDD}.Release|Win32.ActiveCfg = Release|Win32
		{35C2BD7E-1005-4A74-BB9D-B7F714FB3BDD}.Release|Win32.Build.0 = Release|Win32
	EndGlobalSection
	GlobalSection(SolutionProperties) = preSolution
		HideSolutionNode = FALSE
	EndGlobalSection
EndGlobal
